
Microsoft Visual Studio Solution File, Format Version 12.00
# Visual Studio Version 16
VisualStudioVersion = 16.0.35731.53
MinimumVisualStudioVersion = 10.0.40219.1
Project("{FAE04EC0-301F-11D3-BF4B-00C04F79EFBC}") = "AccesoBaseDatos1", "AccesoBaseDatos1\AccesoBaseDatos1.csproj", "{AB537FDF-C091-469A-8A01-8E1968B3CC24}"
EndProject
Global
	GlobalSection(SolutionConfigurationPlatforms) = preSolution
		Debug|Any CPU = Debug|Any CPU
		Release|Any CPU = Release|Any CPU
	EndGlobalSection
	GlobalSection(ProjectConfigurationPlatforms) = postSolution
		{AB537FDF-C091-469A-8A01-8E1968B3CC24}.Debug|Any CPU.ActiveCfg = Debug|Any CPU
		{AB537FDF-C091-469A-8A01-8E1968B3CC24}.Debug|Any CPU.Build.0 = Debug|Any CPU
		{AB537FDF-C091-469A-8A01-8E1968B3CC24}.Release|Any CPU.ActiveCfg = Release|Any CPU
		{AB537FDF-C091-469A-8A01-8E1968B3CC24}.Release|Any CPU.Build.0 = Release|Any CPU
	EndGlobalSection
	GlobalSection(SolutionProperties) = preSolution
		HideSolutionNode = FALSE
	EndGlobalSection
	GlobalSection(ExtensibilityGlobals) = postSolution
		SolutionGuid = {D75DAACE-2548-408D-B130-687511719C10}
	EndGlobalSection
EndGlobal
